// !$*UTF8*$!
{
	archiveVersion = 1;
	classes = {
	};
	objectVersion = 51;
	objects = {

/* Begin PBXBuildFile section */
		481094A82561AC8100D3029E /* RepData.swift in Sources */ = {isa = PBXBuildFile; fileRef = 481094A72561AC8100D3029E /* RepData.swift */; };
		483DFA9C251A8EDC002F7587 /* TempWorkoutViewController.swift in Sources */ = {isa = PBXBuildFile; fileRef = 483DFA9B251A8EDC002F7587 /* TempWorkoutViewController.swift */; };
		4847427524E0B1FD00AA00A2 /* MyWorkoutViewController.swift in Sources */ = {isa = PBXBuildFile; fileRef = 4847427424E0B1FD00AA00A2 /* MyWorkoutViewController.swift */; };
		484FDC8724C8F1330077E606 /* GoogleService-Info.plist in Resources */ = {isa = PBXBuildFile; fileRef = 484FDC8624C8F1330077E606 /* GoogleService-Info.plist */; };
		48568B7424E3439600072516 /* MyWorkoutsCell.swift in Sources */ = {isa = PBXBuildFile; fileRef = 48568B7324E3439600072516 /* MyWorkoutsCell.swift */; };
		48568B7624E3518C00072516 /* WorkoutViewController.swift in Sources */ = {isa = PBXBuildFile; fileRef = 48568B7524E3518C00072516 /* WorkoutViewController.swift */; };
		485E9EF424D4B56900237231 /* Exercise.swift in Sources */ = {isa = PBXBuildFile; fileRef = 485E9EF324D4B56900237231 /* Exercise.swift */; };
		485E9EF624D4B57100237231 /* Workout.swift in Sources */ = {isa = PBXBuildFile; fileRef = 485E9EF524D4B57100237231 /* Workout.swift */; };
		485E9EF824D4BE3400237231 /* ExerciseSet.swift in Sources */ = {isa = PBXBuildFile; fileRef = 485E9EF724D4BE3400237231 /* ExerciseSet.swift */; };
		486EEAF824DF064700B0EA1A /* ExerciseHeader.swift in Sources */ = {isa = PBXBuildFile; fileRef = 486EEAF724DF064700B0EA1A /* ExerciseHeader.swift */; };
		486EEAFB24DF0B2E00B0EA1A /* ExerciseFooter.swift in Sources */ = {isa = PBXBuildFile; fileRef = 486EEAFA24DF0B2E00B0EA1A /* ExerciseFooter.swift */; };
		486EEAFD24E0A56100B0EA1A /* MyWorkouts.swift in Sources */ = {isa = PBXBuildFile; fileRef = 486EEAFC24E0A56100B0EA1A /* MyWorkouts.swift */; };
		486FAD792573019200179D6D /* ExerciseTableViewCell.swift in Sources */ = {isa = PBXBuildFile; fileRef = 486FAD772573019200179D6D /* ExerciseTableViewCell.swift */; };
		486FAD7A2573019200179D6D /* ExerciseTableViewCell.xib in Resources */ = {isa = PBXBuildFile; fileRef = 486FAD782573019200179D6D /* ExerciseTableViewCell.xib */; };
		4883D31F24D357570037CE3C /* CreateWorkoutViewController.swift in Sources */ = {isa = PBXBuildFile; fileRef = 4883D31E24D357570037CE3C /* CreateWorkoutViewController.swift */; };
		48A70F8D250EAA8600B4C60F /* ExerciseSelectViewController.swift in Sources */ = {isa = PBXBuildFile; fileRef = 48A70F8C250EAA8600B4C60F /* ExerciseSelectViewController.swift */; };
		48A70F8F250EACDB00B4C60F /* ExerciseSelectCell.swift in Sources */ = {isa = PBXBuildFile; fileRef = 48A70F8E250EACDB00B4C60F /* ExerciseSelectCell.swift */; };
		48A70F91250EB97400B4C60F /* ExerciseViewController.swift in Sources */ = {isa = PBXBuildFile; fileRef = 48A70F90250EB97400B4C60F /* ExerciseViewController.swift */; };
		48BCD1F4250D6AF800F3D86A /* HomeViewController.swift in Sources */ = {isa = PBXBuildFile; fileRef = 48BCD1F3250D6AF800F3D86A /* HomeViewController.swift */; };
		48CFC60024C8EC0500D1B72C /* RegisterViewController.swift in Sources */ = {isa = PBXBuildFile; fileRef = 48CFC5FF24C8EC0500D1B72C /* RegisterViewController.swift */; };
		48D9ED1E24CF77BA00735BE2 /* Constants.swift in Sources */ = {isa = PBXBuildFile; fileRef = 48D9ED1D24CF77BA00735BE2 /* Constants.swift */; };
		48E2CD2624C4EE88004A6E5D /* AppDelegate.swift in Sources */ = {isa = PBXBuildFile; fileRef = 48E2CD2524C4EE88004A6E5D /* AppDelegate.swift */; };
		48E2CD2824C4EE88004A6E5D /* SceneDelegate.swift in Sources */ = {isa = PBXBuildFile; fileRef = 48E2CD2724C4EE88004A6E5D /* SceneDelegate.swift */; };
		48E2CD2C24C4EE88004A6E5D /* SecondViewController.swift in Sources */ = {isa = PBXBuildFile; fileRef = 48E2CD2B24C4EE88004A6E5D /* SecondViewController.swift */; };
		48E2CD2F24C4EE88004A6E5D /* Main.storyboard in Resources */ = {isa = PBXBuildFile; fileRef = 48E2CD2D24C4EE88004A6E5D /* Main.storyboard */; };
		48E2CD3224C4EE88004A6E5D /* flab2ab.xcdatamodeld in Sources */ = {isa = PBXBuildFile; fileRef = 48E2CD3024C4EE88004A6E5D /* flab2ab.xcdatamodeld */; };
		48E2CD3424C4EE8C004A6E5D /* Assets.xcassets in Resources */ = {isa = PBXBuildFile; fileRef = 48E2CD3324C4EE8C004A6E5D /* Assets.xcassets */; };
		48E2CD3724C4EE8C004A6E5D /* LaunchScreen.storyboard in Resources */ = {isa = PBXBuildFile; fileRef = 48E2CD3524C4EE8C004A6E5D /* LaunchScreen.storyboard */; };
		48E2CD4124C639D2004A6E5D /* LoginViewController.swift in Sources */ = {isa = PBXBuildFile; fileRef = 48E2CD4024C639D2004A6E5D /* LoginViewController.swift */; };
		48E2CD4424C78191004A6E5D /* DesignableView.swift in Sources */ = {isa = PBXBuildFile; fileRef = 48E2CD4324C78191004A6E5D /* DesignableView.swift */; };
		48E2CD4824C78C2F004A6E5D /* LoginViewController+Extensions.swift in Sources */ = {isa = PBXBuildFile; fileRef = 48E2CD4724C78C2F004A6E5D /* LoginViewController+Extensions.swift */; };
		48E4F5DC250D719800F3AEBE /* ExerciseList.swift in Sources */ = {isa = PBXBuildFile; fileRef = 48E4F5DB250D719800F3AEBE /* ExerciseList.swift */; };
		7F40B4E4B5DF51B228CF62F7 /* Pods_flab2ab.framework in Frameworks */ = {isa = PBXBuildFile; fileRef = 42EF52E2BF53B1F8B7A81082 /* Pods_flab2ab.framework */; };
/* End PBXBuildFile section */

/* Begin PBXFileReference section */
		0B699E8CDEE1056FDD92C730 /* Pods-flab2ab.debug.xcconfig */ = {isa = PBXFileReference; includeInIndex = 1; lastKnownFileType = text.xcconfig; name = "Pods-flab2ab.debug.xcconfig"; path = "Target Support Files/Pods-flab2ab/Pods-flab2ab.debug.xcconfig"; sourceTree = "<group>"; };
		42EF52E2BF53B1F8B7A81082 /* Pods_flab2ab.framework */ = {isa = PBXFileReference; explicitFileType = wrapper.framework; includeInIndex = 0; path = Pods_flab2ab.framework; sourceTree = BUILT_PRODUCTS_DIR; };
		481094A72561AC8100D3029E /* RepData.swift */ = {isa = PBXFileReference; lastKnownFileType = sourcecode.swift; path = RepData.swift; sourceTree = "<group>"; };
		483DFA9B251A8EDC002F7587 /* TempWorkoutViewController.swift */ = {isa = PBXFileReference; lastKnownFileType = sourcecode.swift; path = TempWorkoutViewController.swift; sourceTree = "<group>"; };
		4847427424E0B1FD00AA00A2 /* MyWorkoutViewController.swift */ = {isa = PBXFileReference; lastKnownFileType = sourcecode.swift; path = MyWorkoutViewController.swift; sourceTree = "<group>"; };
		484FDC8624C8F1330077E606 /* GoogleService-Info.plist */ = {isa = PBXFileReference; fileEncoding = 4; lastKnownFileType = text.plist.xml; path = "GoogleService-Info.plist"; sourceTree = "<group>"; };
		48568B7324E3439600072516 /* MyWorkoutsCell.swift */ = {isa = PBXFileReference; lastKnownFileType = sourcecode.swift; path = MyWorkoutsCell.swift; sourceTree = "<group>"; };
		48568B7524E3518C00072516 /* WorkoutViewController.swift */ = {isa = PBXFileReference; lastKnownFileType = sourcecode.swift; path = WorkoutViewController.swift; sourceTree = "<group>"; };
		485E9EF324D4B56900237231 /* Exercise.swift */ = {isa = PBXFileReference; lastKnownFileType = sourcecode.swift; path = Exercise.swift; sourceTree = "<group>"; };
		485E9EF524D4B57100237231 /* Workout.swift */ = {isa = PBXFileReference; lastKnownFileType = sourcecode.swift; path = Workout.swift; sourceTree = "<group>"; };
		485E9EF724D4BE3400237231 /* ExerciseSet.swift */ = {isa = PBXFileReference; lastKnownFileType = sourcecode.swift; path = ExerciseSet.swift; sourceTree = "<group>"; };
		486EEAF724DF064700B0EA1A /* ExerciseHeader.swift */ = {isa = PBXFileReference; lastKnownFileType = sourcecode.swift; path = ExerciseHeader.swift; sourceTree = "<group>"; };
		486EEAFA24DF0B2E00B0EA1A /* ExerciseFooter.swift */ = {isa = PBXFileReference; lastKnownFileType = sourcecode.swift; path = ExerciseFooter.swift; sourceTree = "<group>"; };
		486EEAFC24E0A56100B0EA1A /* MyWorkouts.swift */ = {isa = PBXFileReference; lastKnownFileType = sourcecode.swift; path = MyWorkouts.swift; sourceTree = "<group>"; };
		486FAD772573019200179D6D /* ExerciseTableViewCell.swift */ = {isa = PBXFileReference; lastKnownFileType = sourcecode.swift; path = ExerciseTableViewCell.swift; sourceTree = "<group>"; };
		486FAD782573019200179D6D /* ExerciseTableViewCell.xib */ = {isa = PBXFileReference; lastKnownFileType = file.xib; path = ExerciseTableViewCell.xib; sourceTree = "<group>"; };
		4883D31E24D357570037CE3C /* CreateWorkoutViewController.swift */ = {isa = PBXFileReference; lastKnownFileType = sourcecode.swift; path = CreateWorkoutViewController.swift; sourceTree = "<group>"; };
		48A70F8C250EAA8600B4C60F /* ExerciseSelectViewController.swift */ = {isa = PBXFileReference; lastKnownFileType = sourcecode.swift; path = ExerciseSelectViewController.swift; sourceTree = "<group>"; };
		48A70F8E250EACDB00B4C60F /* ExerciseSelectCell.swift */ = {isa = PBXFileReference; lastKnownFileType = sourcecode.swift; path = ExerciseSelectCell.swift; sourceTree = "<group>"; };
		48A70F90250EB97400B4C60F /* ExerciseViewController.swift */ = {isa = PBXFileReference; lastKnownFileType = sourcecode.swift; path = ExerciseViewController.swift; sourceTree = "<group>"; };
		48BCD1F3250D6AF800F3D86A /* HomeViewController.swift */ = {isa = PBXFileReference; lastKnownFileType = sourcecode.swift; path = HomeViewController.swift; sourceTree = "<group>"; };
		48CFC5FF24C8EC0500D1B72C /* RegisterViewController.swift */ = {isa = PBXFileReference; lastKnownFileType = sourcecode.swift; path = RegisterViewController.swift; sourceTree = "<group>"; };
		48D9ED1D24CF77BA00735BE2 /* Constants.swift */ = {isa = PBXFileReference; lastKnownFileType = sourcecode.swift; path = Constants.swift; sourceTree = "<group>"; };
		48E2CD2224C4EE88004A6E5D /* flab2ab.app */ = {isa = PBXFileReference; explicitFileType = wrapper.application; includeInIndex = 0; path = flab2ab.app; sourceTree = BUILT_PRODUCTS_DIR; };
		48E2CD2524C4EE88004A6E5D /* AppDelegate.swift */ = {isa = PBXFileReference; lastKnownFileType = sourcecode.swift; path = AppDelegate.swift; sourceTree = "<group>"; };
		48E2CD2724C4EE88004A6E5D /* SceneDelegate.swift */ = {isa = PBXFileReference; lastKnownFileType = sourcecode.swift; path = SceneDelegate.swift; sourceTree = "<group>"; };
		48E2CD2B24C4EE88004A6E5D /* SecondViewController.swift */ = {isa = PBXFileReference; lastKnownFileType = sourcecode.swift; path = SecondViewController.swift; sourceTree = "<group>"; };
		48E2CD2E24C4EE88004A6E5D /* Base */ = {isa = PBXFileReference; lastKnownFileType = file.storyboard; name = Base; path = Base.lproj/Main.storyboard; sourceTree = "<group>"; };
		48E2CD3124C4EE88004A6E5D /* flab2ab.xcdatamodel */ = {isa = PBXFileReference; lastKnownFileType = wrapper.xcdatamodel; path = flab2ab.xcdatamodel; sourceTree = "<group>"; };
		48E2CD3324C4EE8C004A6E5D /* Assets.xcassets */ = {isa = PBXFileReference; lastKnownFileType = folder.assetcatalog; path = Assets.xcassets; sourceTree = "<group>"; };
		48E2CD3624C4EE8C004A6E5D /* Base */ = {isa = PBXFileReference; lastKnownFileType = file.storyboard; name = Base; path = Base.lproj/LaunchScreen.storyboard; sourceTree = "<group>"; };
		48E2CD3824C4EE8C004A6E5D /* Info.plist */ = {isa = PBXFileReference; lastKnownFileType = text.plist.xml; path = Info.plist; sourceTree = "<group>"; };
		48E2CD4024C639D2004A6E5D /* LoginViewController.swift */ = {isa = PBXFileReference; lastKnownFileType = sourcecode.swift; path = LoginViewController.swift; sourceTree = "<group>"; };
		48E2CD4324C78191004A6E5D /* DesignableView.swift */ = {isa = PBXFileReference; lastKnownFileType = sourcecode.swift; path = DesignableView.swift; sourceTree = "<group>"; };
		48E2CD4724C78C2F004A6E5D /* LoginViewController+Extensions.swift */ = {isa = PBXFileReference; lastKnownFileType = sourcecode.swift; path = "LoginViewController+Extensions.swift"; sourceTree = "<group>"; };
		48E4F5DB250D719800F3AEBE /* ExerciseList.swift */ = {isa = PBXFileReference; lastKnownFileType = sourcecode.swift; path = ExerciseList.swift; sourceTree = "<group>"; };
		F578F0AF13E2038B26B7B809 /* Pods-flab2ab.release.xcconfig */ = {isa = PBXFileReference; includeInIndex = 1; lastKnownFileType = text.xcconfig; name = "Pods-flab2ab.release.xcconfig"; path = "Target Support Files/Pods-flab2ab/Pods-flab2ab.release.xcconfig"; sourceTree = "<group>"; };
/* End PBXFileReference section */

/* Begin PBXFrameworksBuildPhase section */
		48E2CD1F24C4EE88004A6E5D /* Frameworks */ = {
			isa = PBXFrameworksBuildPhase;
			buildActionMask = 2147483647;
			files = (
				7F40B4E4B5DF51B228CF62F7 /* Pods_flab2ab.framework in Frameworks */,
			);
			runOnlyForDeploymentPostprocessing = 0;
		};
/* End PBXFrameworksBuildPhase section */

/* Begin PBXGroup section */
		10FBFD23842B2B04DEDCCBB3 /* Pods */ = {
			isa = PBXGroup;
			children = (
				0B699E8CDEE1056FDD92C730 /* Pods-flab2ab.debug.xcconfig */,
				F578F0AF13E2038B26B7B809 /* Pods-flab2ab.release.xcconfig */,
			);
			path = Pods;
			sourceTree = "<group>";
		};
		483F145224D7967D00C81D46 /* Cells */ = {
			isa = PBXGroup;
			children = (
				48568B7324E3439600072516 /* MyWorkoutsCell.swift */,
				48A70F8E250EACDB00B4C60F /* ExerciseSelectCell.swift */,
				486FAD772573019200179D6D /* ExerciseTableViewCell.swift */,
				486FAD782573019200179D6D /* ExerciseTableViewCell.xib */,
			);
			path = Cells;
			sourceTree = "<group>";
		};
		486EEAF924DF0B0200B0EA1A /* Workout Table */ = {
			isa = PBXGroup;
			children = (
				486EEAF724DF064700B0EA1A /* ExerciseHeader.swift */,
				486EEAFA24DF0B2E00B0EA1A /* ExerciseFooter.swift */,
			);
			path = "Workout Table";
			sourceTree = "<group>";
		};
		48E2CD1924C4EE88004A6E5D = {
			isa = PBXGroup;
			children = (
				48E2CD2424C4EE88004A6E5D /* flab2ab */,
				48E2CD2324C4EE88004A6E5D /* Products */,
				10FBFD23842B2B04DEDCCBB3 /* Pods */,
				77FC9486EDFD4E7728182846 /* Frameworks */,
			);
			sourceTree = "<group>";
		};
		48E2CD2324C4EE88004A6E5D /* Products */ = {
			isa = PBXGroup;
			children = (
				48E2CD2224C4EE88004A6E5D /* flab2ab.app */,
			);
			name = Products;
			sourceTree = "<group>";
		};
		48E2CD2424C4EE88004A6E5D /* flab2ab */ = {
			isa = PBXGroup;
			children = (
				48E2CD4924C78E00004A6E5D /* Model */,
				48E2CD4224C78183004A6E5D /* View */,
				48E2CD4A24C78E0A004A6E5D /* Controller */,
				48E2CD3024C4EE88004A6E5D /* flab2ab.xcdatamodeld */,
				48E2CD2524C4EE88004A6E5D /* AppDelegate.swift */,
				48E2CD2724C4EE88004A6E5D /* SceneDelegate.swift */,
				48E2CD3324C4EE8C004A6E5D /* Assets.xcassets */,
				48E2CD3824C4EE8C004A6E5D /* Info.plist */,
				484FDC8624C8F1330077E606 /* GoogleService-Info.plist */,
				48D9ED1D24CF77BA00735BE2 /* Constants.swift */,
			);
			path = flab2ab;
			sourceTree = "<group>";
		};
		48E2CD4224C78183004A6E5D /* View */ = {
			isa = PBXGroup;
			children = (
				483F145224D7967D00C81D46 /* Cells */,
				486EEAF924DF0B0200B0EA1A /* Workout Table */,
				48E2CD3524C4EE8C004A6E5D /* LaunchScreen.storyboard */,
				48E2CD2D24C4EE88004A6E5D /* Main.storyboard */,
				48E2CD4324C78191004A6E5D /* DesignableView.swift */,
			);
			path = View;
			sourceTree = "<group>";
		};
		48E2CD4924C78E00004A6E5D /* Model */ = {
			isa = PBXGroup;
			children = (
				485E9EF524D4B57100237231 /* Workout.swift */,
				485E9EF324D4B56900237231 /* Exercise.swift */,
				485E9EF724D4BE3400237231 /* ExerciseSet.swift */,
				486EEAFC24E0A56100B0EA1A /* MyWorkouts.swift */,
				48E4F5DB250D719800F3AEBE /* ExerciseList.swift */,
				481094A72561AC8100D3029E /* RepData.swift */,
			);
			path = Model;
			sourceTree = "<group>";
		};
		48E2CD4A24C78E0A004A6E5D /* Controller */ = {
			isa = PBXGroup;
			children = (
				48BCD1F3250D6AF800F3D86A /* HomeViewController.swift */,
				48E2CD4024C639D2004A6E5D /* LoginViewController.swift */,
				48CFC5FF24C8EC0500D1B72C /* RegisterViewController.swift */,
				48E2CD4724C78C2F004A6E5D /* LoginViewController+Extensions.swift */,
				4883D31E24D357570037CE3C /* CreateWorkoutViewController.swift */,
				48E2CD2B24C4EE88004A6E5D /* SecondViewController.swift */,
				4847427424E0B1FD00AA00A2 /* MyWorkoutViewController.swift */,
				48568B7524E3518C00072516 /* WorkoutViewController.swift */,
				48A70F8C250EAA8600B4C60F /* ExerciseSelectViewController.swift */,
				48A70F90250EB97400B4C60F /* ExerciseViewController.swift */,
				483DFA9B251A8EDC002F7587 /* TempWorkoutViewController.swift */,
			);
			path = Controller;
			sourceTree = "<group>";
		};
		77FC9486EDFD4E7728182846 /* Frameworks */ = {
			isa = PBXGroup;
			children = (
				42EF52E2BF53B1F8B7A81082 /* Pods_flab2ab.framework */,
			);
			name = Frameworks;
			sourceTree = "<group>";
		};
/* End PBXGroup section */

/* Begin PBXNativeTarget section */
		48E2CD2124C4EE88004A6E5D /* flab2ab */ = {
			isa = PBXNativeTarget;
			buildConfigurationList = 48E2CD3B24C4EE8C004A6E5D /* Build configuration list for PBXNativeTarget "flab2ab" */;
			buildPhases = (
				045BF5548117C62DDD58D67B /* [CP] Check Pods Manifest.lock */,
				48E2CD1E24C4EE88004A6E5D /* Sources */,
				48E2CD1F24C4EE88004A6E5D /* Frameworks */,
				48E2CD2024C4EE88004A6E5D /* Resources */,
				17D3ABD99BD22CFBA156D485 /* [CP] Embed Pods Frameworks */,
			);
			buildRules = (
			);
			dependencies = (
			);
			name = flab2ab;
			productName = flab2ab;
			productReference = 48E2CD2224C4EE88004A6E5D /* flab2ab.app */;
			productType = "com.apple.product-type.application";
		};
/* End PBXNativeTarget section */

/* Begin PBXProject section */
		48E2CD1A24C4EE88004A6E5D /* Project object */ = {
			isa = PBXProject;
			attributes = {
				LastSwiftUpdateCheck = 1160;
				LastUpgradeCheck = 1200;
				ORGANIZATIONNAME = "Tyler Linquata";
				TargetAttributes = {
					48E2CD2124C4EE88004A6E5D = {
						CreatedOnToolsVersion = 11.6;
					};
				};
			};
			buildConfigurationList = 48E2CD1D24C4EE88004A6E5D /* Build configuration list for PBXProject "flab2ab" */;
			compatibilityVersion = "Xcode 9.3";
			developmentRegion = en;
			hasScannedForEncodings = 0;
			knownRegions = (
				en,
				Base,
			);
			mainGroup = 48E2CD1924C4EE88004A6E5D;
			productRefGroup = 48E2CD2324C4EE88004A6E5D /* Products */;
			projectDirPath = "";
			projectRoot = "";
			targets = (
				48E2CD2124C4EE88004A6E5D /* flab2ab */,
			);
		};
/* End PBXProject section */

/* Begin PBXResourcesBuildPhase section */
		48E2CD2024C4EE88004A6E5D /* Resources */ = {
			isa = PBXResourcesBuildPhase;
			buildActionMask = 2147483647;
			files = (
				48E2CD3724C4EE8C004A6E5D /* LaunchScreen.storyboard in Resources */,
				484FDC8724C8F1330077E606 /* GoogleService-Info.plist in Resources */,
				486FAD7A2573019200179D6D /* ExerciseTableViewCell.xib in Resources */,
				48E2CD3424C4EE8C004A6E5D /* Assets.xcassets in Resources */,
				48E2CD2F24C4EE88004A6E5D /* Main.storyboard in Resources */,
			);
			runOnlyForDeploymentPostprocessing = 0;
		};
/* End PBXResourcesBuildPhase section */

/* Begin PBXShellScriptBuildPhase section */
		045BF5548117C62DDD58D67B /* [CP] Check Pods Manifest.lock */ = {
			isa = PBXShellScriptBuildPhase;
			buildActionMask = 2147483647;
			files = (
			);
			inputFileListPaths = (
			);
			inputPaths = (
				"${PODS_PODFILE_DIR_PATH}/Podfile.lock",
				"${PODS_ROOT}/Manifest.lock",
			);
			name = "[CP] Check Pods Manifest.lock";
			outputFileListPaths = (
			);
			outputPaths = (
				"$(DERIVED_FILE_DIR)/Pods-flab2ab-checkManifestLockResult.txt",
			);
			runOnlyForDeploymentPostprocessing = 0;
			shellPath = /bin/sh;
			shellScript = "diff \"${PODS_PODFILE_DIR_PATH}/Podfile.lock\" \"${PODS_ROOT}/Manifest.lock\" > /dev/null\nif [ $? != 0 ] ; then\n    # print error to STDERR\n    echo \"error: The sandbox is not in sync with the Podfile.lock. Run 'pod install' or update your CocoaPods installation.\" >&2\n    exit 1\nfi\n# This output is used by Xcode 'outputs' to avoid re-running this script phase.\necho \"SUCCESS\" > \"${SCRIPT_OUTPUT_FILE_0}\"\n";
			showEnvVarsInLog = 0;
		};
		17D3ABD99BD22CFBA156D485 /* [CP] Embed Pods Frameworks */ = {
			isa = PBXShellScriptBuildPhase;
			buildActionMask = 2147483647;
			files = (
			);
			inputFileListPaths = (
				"${PODS_ROOT}/Target Support Files/Pods-flab2ab/Pods-flab2ab-frameworks-${CONFIGURATION}-input-files.xcfilelist",
			);
			name = "[CP] Embed Pods Frameworks";
			outputFileListPaths = (
				"${PODS_ROOT}/Target Support Files/Pods-flab2ab/Pods-flab2ab-frameworks-${CONFIGURATION}-output-files.xcfilelist",
			);
			runOnlyForDeploymentPostprocessing = 0;
			shellPath = /bin/sh;
			shellScript = "\"${PODS_ROOT}/Target Support Files/Pods-flab2ab/Pods-flab2ab-frameworks.sh\"\n";
			showEnvVarsInLog = 0;
		};
/* End PBXShellScriptBuildPhase section */

/* Begin PBXSourcesBuildPhase section */
		48E2CD1E24C4EE88004A6E5D /* Sources */ = {
			isa = PBXSourcesBuildPhase;
			buildActionMask = 2147483647;
			files = (
				48CFC60024C8EC0500D1B72C /* RegisterViewController.swift in Sources */,
				48E2CD2C24C4EE88004A6E5D /* SecondViewController.swift in Sources */,
				48A70F8D250EAA8600B4C60F /* ExerciseSelectViewController.swift in Sources */,
				48A70F8F250EACDB00B4C60F /* ExerciseSelectCell.swift in Sources */,
				4883D31F24D357570037CE3C /* CreateWorkoutViewController.swift in Sources */,
				485E9EF624D4B57100237231 /* Workout.swift in Sources */,
				486EEAF824DF064700B0EA1A /* ExerciseHeader.swift in Sources */,
				48BCD1F4250D6AF800F3D86A /* HomeViewController.swift in Sources */,
				48568B7424E3439600072516 /* MyWorkoutsCell.swift in Sources */,
				48E2CD4824C78C2F004A6E5D /* LoginViewController+Extensions.swift in Sources */,
				48A70F91250EB97400B4C60F /* ExerciseViewController.swift in Sources */,
				485E9EF424D4B56900237231 /* Exercise.swift in Sources */,
				48E2CD3224C4EE88004A6E5D /* flab2ab.xcdatamodeld in Sources */,
				481094A82561AC8100D3029E /* RepData.swift in Sources */,
				48D9ED1E24CF77BA00735BE2 /* Constants.swift in Sources */,
				486FAD792573019200179D6D /* ExerciseTableViewCell.swift in Sources */,
				48E2CD2624C4EE88004A6E5D /* AppDelegate.swift in Sources */,
				48568B7624E3518C00072516 /* WorkoutViewController.swift in Sources */,
				485E9EF824D4BE3400237231 /* ExerciseSet.swift in Sources */,
				4847427524E0B1FD00AA00A2 /* MyWorkoutViewController.swift in Sources */,
				48E2CD4424C78191004A6E5D /* DesignableView.swift in Sources */,
				48E2CD2824C4EE88004A6E5D /* SceneDelegate.swift in Sources */,
				486EEAFD24E0A56100B0EA1A /* MyWorkouts.swift in Sources */,
				48E2CD4124C639D2004A6E5D /* LoginViewController.swift in Sources */,
				486EEAFB24DF0B2E00B0EA1A /* ExerciseFooter.swift in Sources */,
				483DFA9C251A8EDC002F7587 /* TempWorkoutViewController.swift in Sources */,
				48E4F5DC250D719800F3AEBE /* ExerciseList.swift in Sources */,
			);
			runOnlyForDeploymentPostprocessing = 0;
		};
/* End PBXSourcesBuildPhase section */

/* Begin PBXVariantGroup section */
		48E2CD2D24C4EE88004A6E5D /* Main.storyboard */ = {
			isa = PBXVariantGroup;
			children = (
				48E2CD2E24C4EE88004A6E5D /* Base */,
			);
			name = Main.storyboard;
			sourceTree = "<group>";
		};
		48E2CD3524C4EE8C004A6E5D /* LaunchScreen.storyboard */ = {
			isa = PBXVariantGroup;
			children = (
				48E2CD3624C4EE8C004A6E5D /* Base */,
			);
			name = LaunchScreen.storyboard;
			sourceTree = "<group>";
		};
/* End PBXVariantGroup section */

/* Begin XCBuildConfiguration section */
		48E2CD3924C4EE8C004A6E5D /* Debug */ = {
			isa = XCBuildConfiguration;
			buildSettings = {
				ALWAYS_SEARCH_USER_PATHS = NO;
				CLANG_ANALYZER_NONNULL = YES;
				CLANG_ANALYZER_NUMBER_OBJECT_CONVERSION = YES_AGGRESSIVE;
				CLANG_CXX_LANGUAGE_STANDARD = "gnu++14";
				CLANG_CXX_LIBRARY = "libc++";
				CLANG_ENABLE_MODULES = YES;
				CLANG_ENABLE_OBJC_ARC = YES;
				CLANG_ENABLE_OBJC_WEAK = YES;
				CLANG_WARN_BLOCK_CAPTURE_AUTORELEASING = YES;
				CLANG_WARN_BOOL_CONVERSION = YES;
				CLANG_WARN_COMMA = YES;
				CLANG_WARN_CONSTANT_CONVERSION = YES;
				CLANG_WARN_DEPRECATED_OBJC_IMPLEMENTATIONS = YES;
				CLANG_WARN_DIRECT_OBJC_ISA_USAGE = YES_ERROR;
				CLANG_WARN_DOCUMENTATION_COMMENTS = YES;
				CLANG_WARN_EMPTY_BODY = YES;
				CLANG_WARN_ENUM_CONVERSION = YES;
				CLANG_WARN_INFINITE_RECURSION = YES;
				CLANG_WARN_INT_CONVERSION = YES;
				CLANG_WARN_NON_LITERAL_NULL_CONVERSION = YES;
				CLANG_WARN_OBJC_IMPLICIT_RETAIN_SELF = YES;
				CLANG_WARN_OBJC_LITERAL_CONVERSION = YES;
				CLANG_WARN_OBJC_ROOT_CLASS = YES_ERROR;
				CLANG_WARN_QUOTED_INCLUDE_IN_FRAMEWORK_HEADER = YES;
				CLANG_WARN_RANGE_LOOP_ANALYSIS = YES;
				CLANG_WARN_STRICT_PROTOTYPES = YES;
				CLANG_WARN_SUSPICIOUS_MOVE = YES;
				CLANG_WARN_UNGUARDED_AVAILABILITY = YES_AGGRESSIVE;
				CLANG_WARN_UNREACHABLE_CODE = YES;
				CLANG_WARN__DUPLICATE_METHOD_MATCH = YES;
				COPY_PHASE_STRIP = NO;
				DEBUG_INFORMATION_FORMAT = dwarf;
				ENABLE_STRICT_OBJC_MSGSEND = YES;
				ENABLE_TESTABILITY = YES;
				GCC_C_LANGUAGE_STANDARD = gnu11;
				GCC_DYNAMIC_NO_PIC = NO;
				GCC_NO_COMMON_BLOCKS = YES;
				GCC_OPTIMIZATION_LEVEL = 0;
				GCC_PREPROCESSOR_DEFINITIONS = (
					"DEBUG=1",
					"$(inherited)",
				);
				GCC_WARN_64_TO_32_BIT_CONVERSION = YES;
				GCC_WARN_ABOUT_RETURN_TYPE = YES_ERROR;
				GCC_WARN_UNDECLARED_SELECTOR = YES;
				GCC_WARN_UNINITIALIZED_AUTOS = YES_AGGRESSIVE;
				GCC_WARN_UNUSED_FUNCTION = YES;
				GCC_WARN_UNUSED_VARIABLE = YES;
				IPHONEOS_DEPLOYMENT_TARGET = 13.6;
				MTL_ENABLE_DEBUG_INFO = INCLUDE_SOURCE;
				MTL_FAST_MATH = YES;
				ONLY_ACTIVE_ARCH = YES;
				SDKROOT = iphoneos;
				SWIFT_ACTIVE_COMPILATION_CONDITIONS = DEBUG;
				SWIFT_OPTIMIZATION_LEVEL = "-Onone";
			};
			name = Debug;
		};
		48E2CD3A24C4EE8C004A6E5D /* Release */ = {
			isa = XCBuildConfiguration;
			buildSettings = {
				ALWAYS_SEARCH_USER_PATHS = NO;
				CLANG_ANALYZER_NONNULL = YES;
				CLANG_ANALYZER_NUMBER_OBJECT_CONVERSION = YES_AGGRESSIVE;
				CLANG_CXX_LANGUAGE_STANDARD = "gnu++14";
				CLANG_CXX_LIBRARY = "libc++";
				CLANG_ENABLE_MODULES = YES;
				CLANG_ENABLE_OBJC_ARC = YES;
				CLANG_ENABLE_OBJC_WEAK = YES;
				CLANG_WARN_BLOCK_CAPTURE_AUTORELEASING = YES;
				CLANG_WARN_BOOL_CONVERSION = YES;
				CLANG_WARN_COMMA = YES;
				CLANG_WARN_CONSTANT_CONVERSION = YES;
				CLANG_WARN_DEPRECATED_OBJC_IMPLEMENTATIONS = YES;
				CLANG_WARN_DIRECT_OBJC_ISA_USAGE = YES_ERROR;
				CLANG_WARN_DOCUMENTATION_COMMENTS = YES;
				CLANG_WARN_EMPTY_BODY = YES;
				CLANG_WARN_ENUM_CONVERSION = YES;
				CLANG_WARN_INFINITE_RECURSION = YES;
				CLANG_WARN_INT_CONVERSION = YES;
				CLANG_WARN_NON_LITERAL_NULL_CONVERSION = YES;
				CLANG_WARN_OBJC_IMPLICIT_RETAIN_SELF = YES;
				CLANG_WARN_OBJC_LITERAL_CONVERSION = YES;
				CLANG_WARN_OBJC_ROOT_CLASS = YES_ERROR;
				CLANG_WARN_QUOTED_INCLUDE_IN_FRAMEWORK_HEADER = YES;
				CLANG_WARN_RANGE_LOOP_ANALYSIS = YES;
				CLANG_WARN_STRICT_PROTOTYPES = YES;
				CLANG_WARN_SUSPICIOUS_MOVE = YES;
				CLANG_WARN_UNGUARDED_AVAILABILITY = YES_AGGRESSIVE;
				CLANG_WARN_UNREACHABLE_CODE = YES;
				CLANG_WARN__DUPLICATE_METHOD_MATCH = YES;
				COPY_PHASE_STRIP = NO;
				DEBUG_INFORMATION_FORMAT = "dwarf-with-dsym";
				ENABLE_NS_ASSERTIONS = NO;
				ENABLE_STRICT_OBJC_MSGSEND = YES;
				GCC_C_LANGUAGE_STANDARD = gnu11;
				GCC_NO_COMMON_BLOCKS = YES;
				GCC_WARN_64_TO_32_BIT_CONVERSION = YES;
				GCC_WARN_ABOUT_RETURN_TYPE = YES_ERROR;
				GCC_WARN_UNDECLARED_SELECTOR = YES;
				GCC_WARN_UNINITIALIZED_AUTOS = YES_AGGRESSIVE;
				GCC_WARN_UNUSED_FUNCTION = YES;
				GCC_WARN_UNUSED_VARIABLE = YES;
				IPHONEOS_DEPLOYMENT_TARGET = 13.6;
				MTL_ENABLE_DEBUG_INFO = NO;
				MTL_FAST_MATH = YES;
				SDKROOT = iphoneos;
				SWIFT_COMPILATION_MODE = wholemodule;
				SWIFT_OPTIMIZATION_LEVEL = "-O";
				VALIDATE_PRODUCT = YES;
			};
			name = Release;
		};
		48E2CD3C24C4EE8C004A6E5D /* Debug */ = {
			isa = XCBuildConfiguration;
			baseConfigurationReference = 0B699E8CDEE1056FDD92C730 /* Pods-flab2ab.debug.xcconfig */;
			buildSettings = {
				ASSETCATALOG_COMPILER_APPICON_NAME = AppIcon;
				CODE_SIGN_STYLE = Automatic;
				DEVELOPMENT_TEAM = 7VUD3JB258;
				INFOPLIST_FILE = flab2ab/Info.plist;
				LD_RUNPATH_SEARCH_PATHS = (
					"$(inherited)",
					"@executable_path/Frameworks",
				);
				PRODUCT_BUNDLE_IDENTIFIER = com.linquata.flab2ab;
				PRODUCT_NAME = "$(TARGET_NAME)";
				SWIFT_VERSION = 5.0;
				TARGETED_DEVICE_FAMILY = "1,2";
			};
			name = Debug;
		};
		48E2CD3D24C4EE8C004A6E5D /* Release */ = {
			isa = XCBuildConfiguration;
			baseConfigurationReference = F578F0AF13E2038B26B7B809 /* Pods-flab2ab.release.xcconfig */;
			buildSettings = {
				ASSETCATALOG_COMPILER_APPICON_NAME = AppIcon;
				CODE_SIGN_STYLE = Automatic;
				DEVELOPMENT_TEAM = 7VUD3JB258;
				INFOPLIST_FILE = flab2ab/Info.plist;
				LD_RUNPATH_SEARCH_PATHS = (
					"$(inherited)",
					"@executable_path/Frameworks",
				);
				PRODUCT_BUNDLE_IDENTIFIER = com.linquata.flab2ab;
				PRODUCT_NAME = "$(TARGET_NAME)";
				SWIFT_VERSION = 5.0;
				TARGETED_DEVICE_FAMILY = "1,2";
			};
			name = Release;
		};
/* End XCBuildConfiguration section */

/* Begin XCConfigurationList section */
		48E2CD1D24C4EE88004A6E5D /* Build configuration list for PBXProject "flab2ab" */ = {
			isa = XCConfigurationList;
			buildConfigurations = (
				48E2CD3924C4EE8C004A6E5D /* Debug */,
				48E2CD3A24C4EE8C004A6E5D /* Release */,
			);
			defaultConfigurationIsVisible = 0;
			defaultConfigurationName = Release;
		};
		48E2CD3B24C4EE8C004A6E5D /* Build configuration list for PBXNativeTarget "flab2ab" */ = {
			isa = XCConfigurationList;
			buildConfigurations = (
				48E2CD3C24C4EE8C004A6E5D /* Debug */,
				48E2CD3D24C4EE8C004A6E5D /* Release */,
			);
			defaultConfigurationIsVisible = 0;
			defaultConfigurationName = Release;
		};
/* End XCConfigurationList section */

/* Begin XCVersionGroup section */
		48E2CD3024C4EE88004A6E5D /* flab2ab.xcdatamodeld */ = {
			isa = XCVersionGroup;
			children = (
				48E2CD3124C4EE88004A6E5D /* flab2ab.xcdatamodel */,
			);
			currentVersion = 48E2CD3124C4EE88004A6E5D /* flab2ab.xcdatamodel */;
			path = flab2ab.xcdatamodeld;
			sourceTree = "<group>";
			versionGroupType = wrapper.xcdatamodel;
		};
/* End XCVersionGroup section */
	};
	rootObject = 48E2CD1A24C4EE88004A6E5D /* Project object */;
}
